
Microsoft Visual Studio Solution File, Format Version 12.00
# Visual Studio 15
VisualStudioVersion = 15.0.28307.539
MinimumVisualStudioVersion = 10.0.40219.1
Project("{2150E333-8FDC-42A3-9474-1A3956D46DE8}") = "0 - Presentation", "0 - Presentation", "{B4E9CA4B-CA05-4692-AE71-E987330D3F66}"
EndProject
Project("{2150E333-8FDC-42A3-9474-1A3956D46DE8}") = "1 - Services", "1 - Services", "{2A7ED767-9F5D-4058-8192-F0F3B515F387}"
EndProject
Project("{2150E333-8FDC-42A3-9474-1A3956D46DE8}") = "2 - Application", "2 - Application", "{4509701D-B0F5-4455-BA95-F05FBF7F2979}"
EndProject
Project("{2150E333-8FDC-42A3-9474-1A3956D46DE8}") = "3 - Domain", "3 - Domain", "{6FFC4964-4DEA-41FE-849A-0ABC116AF864}"
EndProject
Project("{2150E333-8FDC-42A3-9474-1A3956D46DE8}") = "4 - Infra", "4 - Infra", "{937974A6-7AE7-4316-902F-DD6DFD90FCA8}"
EndProject
Project("{2150E333-8FDC-42A3-9474-1A3956D46DE8}") = "4.1 - Data", "4.1 - Data", "{C1B801FE-1A59-44E3-800C-EFC31B488252}"
EndProject
Project("{2150E333-8FDC-42A3-9474-1A3956D46DE8}") = "4.2 - CrossCutting", "4.2 - CrossCutting", "{E2DC41C1-1BFC-4264-BBA0-52F586D4BA4D}"
EndProject
Project("{9A19103F-16F7-4668-BE54-9A1E7A4F7556}") = "Domain", "src\Domain\Domain.csproj", "{6B6D9FCB-559C-42DD-9B77-C26004958EA3}"
EndProject
Project("{9A19103F-16F7-4668-BE54-9A1E7A4F7556}") = "CrossCutting", "src\CrossCutting\CrossCutting.csproj", "{DF06D2FA-F093-4D8D-9462-663CAB63977A}"
EndProject
Project("{9A19103F-16F7-4668-BE54-9A1E7A4F7556}") = "Data", "src\Data\Data.csproj", "{ABC0054A-B1DB-4693-B1E1-677925B0888F}"
EndProject
Project("{9A19103F-16F7-4668-BE54-9A1E7A4F7556}") = "WebUI", "src\WebUI\WebUI.csproj", "{852EA0B3-C57F-4E4F-A49D-84E04E656A3C}"
EndProject
Project("{9A19103F-16F7-4668-BE54-9A1E7A4F7556}") = "Application", "src\Application\Application.csproj", "{2DEE9F3F-C4E3-4C77-B58F-6DFDE1B64D36}"
EndProject
Project("{FAE04EC0-301F-11D3-BF4B-00C04F79EFBC}") = "CrossCutting.IOC", "src\CrossCutting.IOC\CrossCutting.IOC.csproj", "{5BE36897-FC92-4579-BCF2-A0DDAE615050}"
EndProject
Global
	GlobalSection(SolutionConfigurationPlatforms) = preSolution
		Debug|Any CPU = Debug|Any CPU
		Release|Any CPU = Release|Any CPU
	EndGlobalSection
	GlobalSection(ProjectConfigurationPlatforms) = postSolution
		{6B6D9FCB-559C-42DD-9B77-C26004958EA3}.Debug|Any CPU.ActiveCfg = Debug|Any CPU
		{6B6D9FCB-559C-42DD-9B77-C26004958EA3}.Debug|Any CPU.Build.0 = Debug|Any CPU
		{6B6D9FCB-559C-42DD-9B77-C26004958EA3}.Release|Any CPU.ActiveCfg = Release|Any CPU
		{6B6D9FCB-559C-42DD-9B77-C26004958EA3}.Release|Any CPU.Build.0 = Release|Any CPU
		{DF06D2FA-F093-4D8D-9462-663CAB63977A}.Debug|Any CPU.ActiveCfg = Debug|Any CPU
		{DF06D2FA-F093-4D8D-9462-663CAB63977A}.Debug|Any CPU.Build.0 = Debug|Any CPU
		{DF06D2FA-F093-4D8D-9462-663CAB63977A}.Release|Any CPU.ActiveCfg = Release|Any CPU
		{DF06D2FA-F093-4D8D-9462-663CAB63977A}.Release|Any CPU.Build.0 = Release|Any CPU
		{ABC0054A-B1DB-4693-B1E1-677925B0888F}.Debug|Any CPU.ActiveCfg = Debug|Any CPU
		{ABC0054A-B1DB-4693-B1E1-677925B0888F}.Debug|Any CPU.Build.0 = Debug|Any CPU
		{ABC0054A-B1DB-4693-B1E1-677925B0888F}.Release|Any CPU.ActiveCfg = Release|Any CPU
		{ABC0054A-B1DB-4693-B1E1-677925B0888F}.Release|Any CPU.Build.0 = Release|Any CPU
		{852EA0B3-C57F-4E4F-A49D-84E04E656A3C}.Debug|Any CPU.ActiveCfg = Debug|Any CPU
		{852EA0B3-C57F-4E4F-A49D-84E04E656A3C}.Debug|Any CPU.Build.0 = Debug|Any CPU
		{852EA0B3-C57F-4E4F-A49D-84E04E656A3C}.Release|Any CPU.ActiveCfg = Release|Any CPU
		{852EA0B3-C57F-4E4F-A49D-84E04E656A3C}.Release|Any CPU.Build.0 = Release|Any CPU
		{2DEE9F3F-C4E3-4C77-B58F-6DFDE1B64D36}.Debug|Any CPU.ActiveCfg = Debug|Any CPU
		{2DEE9F3F-C4E3-4C77-B58F-6DFDE1B64D36}.Debug|Any CPU.Build.0 = Debug|Any CPU
		{2DEE9F3F-C4E3-4C77-B58F-6DFDE1B64D36}.Release|Any CPU.ActiveCfg = Release|Any CPU
		{2DEE9F3F-C4E3-4C77-B58F-6DFDE1B64D36}.Release|Any CPU.Build.0 = Release|Any CPU
		{5BE36897-FC92-4579-BCF2-A0DDAE615050}.Debug|Any CPU.ActiveCfg = Debug|Any CPU
		{5BE36897-FC92-4579-BCF2-A0DDAE615050}.Debug|Any CPU.Build.0 = Debug|Any CPU
		{5BE36897-FC92-4579-BCF2-A0DDAE615050}.Release|Any CPU.ActiveCfg = Release|Any CPU
		{5BE36897-FC92-4579-BCF2-A0DDAE615050}.Release|Any CPU.Build.0 = Release|Any CPU
	EndGlobalSection
	GlobalSection(SolutionProperties) = preSolution
		HideSolutionNode = FALSE
	EndGlobalSection
	GlobalSection(NestedProjects) = preSolution
		{C1B801FE-1A59-44E3-800C-EFC31B488252} = {937974A6-7AE7-4316-902F-DD6DFD90FCA8}
		{E2DC41C1-1BFC-4264-BBA0-52F586D4BA4D} = {937974A6-7AE7-4316-902F-DD6DFD90FCA8}
		{6B6D9FCB-559C-42DD-9B77-C26004958EA3} = {6FFC4964-4DEA-41FE-849A-0ABC116AF864}
		{DF06D2FA-F093-4D8D-9462-663CAB63977A} = {E2DC41C1-1BFC-4264-BBA0-52F586D4BA4D}
		{ABC0054A-B1DB-4693-B1E1-677925B0888F} = {C1B801FE-1A59-44E3-800C-EFC31B488252}
		{852EA0B3-C57F-4E4F-A49D-84E04E656A3C} = {B4E9CA4B-CA05-4692-AE71-E987330D3F66}
		{2DEE9F3F-C4E3-4C77-B58F-6DFDE1B64D36} = {4509701D-B0F5-4455-BA95-F05FBF7F2979}
		{5BE36897-FC92-4579-BCF2-A0DDAE615050} = {E2DC41C1-1BFC-4264-BBA0-52F586D4BA4D}
	EndGlobalSection
	GlobalSection(ExtensibilityGlobals) = postSolution
		SolutionGuid = {2D553ED8-E6C8-468D-A767-432292F621DF}
	EndGlobalSection
EndGlobal
